
Microsoft Visual Studio Solution File, Format Version 12.00
# Visual Studio Version 17
VisualStudioVersion = 17.4.33213.308
MinimumVisualStudioVersion = 10.0.40219.1
Project("{9A19103F-16F7-4668-BE54-9A1E7A4F7556}") = "ProjectFood", "ProjectFood\ProjectFood.csproj", "{61D0F61D-E03D-4591-95F9-2475730938FD}"
EndProject
Global
	GlobalSection(SolutionConfigurationPlatforms) = preSolution
		Debug|Any CPU = Debug|Any CPU
		Release|Any CPU = Release|Any CPU
	EndGlobalSection
	GlobalSection(ProjectConfigurationPlatforms) = postSolution
		{61D0F61D-E03D-4591-95F9-2475730938FD}.Debug|Any CPU.ActiveCfg = Debug|Any CPU
		{61D0F61D-E03D-4591-95F9-2475730938FD}.Debug|Any CPU.Build.0 = Debug|Any CPU
		{61D0F61D-E03D-4591-95F9-2475730938FD}.Release|Any CPU.ActiveCfg = Release|Any CPU
		{61D0F61D-E03D-4591-95F9-2475730938FD}.Release|Any CPU.Build.0 = Release|Any CPU
	EndGlobalSection
	GlobalSection(SolutionProperties) = preSolution
		HideSolutionNode = FALSE
	EndGlobalSection
	GlobalSection(ExtensibilityGlobals) = postSolution
		SolutionGuid = {840ACD74-C5B5-4D92-8FDE-0AAF66A6A185}
	EndGlobalSection
EndGlobal
